// !$*UTF8*$!
{
	archiveVersion = 1;
	classes = {
	};
	objectVersion = 46;
	objects = {

/* Begin PBXBuildFile section */
		835283841C71A2C3007B5CF3 /* AppDelegate.swift in Sources */ = {isa = PBXBuildFile; fileRef = 835283831C71A2C3007B5CF3 /* AppDelegate.swift */; };
		835283891C71A2C3007B5CF3 /* Main.storyboard in Resources */ = {isa = PBXBuildFile; fileRef = 835283871C71A2C3007B5CF3 /* Main.storyboard */; };
		8352838B1C71A2C3007B5CF3 /* Assets.xcassets in Resources */ = {isa = PBXBuildFile; fileRef = 8352838A1C71A2C3007B5CF3 /* Assets.xcassets */; };
		8352838E1C71A2C3007B5CF3 /* LaunchScreen.storyboard in Resources */ = {isa = PBXBuildFile; fileRef = 8352838C1C71A2C3007B5CF3 /* LaunchScreen.storyboard */; };
		835283961C71A47E007B5CF3 /* ItemsViewController.swift in Sources */ = {isa = PBXBuildFile; fileRef = 835283951C71A47E007B5CF3 /* ItemsViewController.swift */; };
		835283981C71A5A1007B5CF3 /* Item.swift in Sources */ = {isa = PBXBuildFile; fileRef = 835283971C71A5A1007B5CF3 /* Item.swift */; };
		8352839A1C71B811007B5CF3 /* ItemStore.swift in Sources */ = {isa = PBXBuildFile; fileRef = 835283991C71B811007B5CF3 /* ItemStore.swift */; };
		8352839C1C71D389007B5CF3 /* ItemCell.swift in Sources */ = {isa = PBXBuildFile; fileRef = 8352839B1C71D389007B5CF3 /* ItemCell.swift */; };
		8352839E1C72FE79007B5CF3 /* DetailViewController.swift in Sources */ = {isa = PBXBuildFile; fileRef = 8352839D1C72FE79007B5CF3 /* DetailViewController.swift */; };
		835283A01C732902007B5CF3 /* ImageStore.swift in Sources */ = {isa = PBXBuildFile; fileRef = 8352839F1C732902007B5CF3 /* ImageStore.swift */; };
/* End PBXBuildFile section */

/* Begin PBXFileReference section */
		835283801C71A2C3007B5CF3 /* Homepwner.app */ = {isa = PBXFileReference; explicitFileType = wrapper.application; includeInIndex = 0; path = Homepwner.app; sourceTree = BUILT_PRODUCTS_DIR; };
		835283831C71A2C3007B5CF3 /* AppDelegate.swift */ = {isa = PBXFileReference; lastKnownFileType = sourcecode.swift; path = AppDelegate.swift; sourceTree = "<group>"; };
		835283881C71A2C3007B5CF3 /* Base */ = {isa = PBXFileReference; lastKnownFileType = file.storyboard; name = Base; path = Base.lproj/Main.storyboard; sourceTree = "<group>"; };
		8352838A1C71A2C3007B5CF3 /* Assets.xcassets */ = {isa = PBXFileReference; lastKnownFileType = folder.assetcatalog; path = Assets.xcassets; sourceTree = "<group>"; };
		8352838D1C71A2C3007B5CF3 /* Base */ = {isa = PBXFileReference; lastKnownFileType = file.storyboard; name = Base; path = Base.lproj/LaunchScreen.storyboard; sourceTree = "<group>"; };
		8352838F1C71A2C3007B5CF3 /* Info.plist */ = {isa = PBXFileReference; lastKnownFileType = text.plist.xml; path = Info.plist; sourceTree = "<group>"; };
		835283951C71A47E007B5CF3 /* ItemsViewController.swift */ = {isa = PBXFileReference; fileEncoding = 4; lastKnownFileType = sourcecode.swift; path = ItemsViewController.swift; sourceTree = "<group>"; };
		835283971C71A5A1007B5CF3 /* Item.swift */ = {isa = PBXFileReference; fileEncoding = 4; lastKnownFileType = sourcecode.swift; path = Item.swift; sourceTree = "<group>"; };
		835283991C71B811007B5CF3 /* ItemStore.swift */ = {isa = PBXFileReference; fileEncoding = 4; lastKnownFileType = sourcecode.swift; path = ItemStore.swift; sourceTree = "<group>"; };
		8352839B1C71D389007B5CF3 /* ItemCell.swift */ = {isa = PBXFileReference; fileEncoding = 4; lastKnownFileType = sourcecode.swift; path = ItemCell.swift; sourceTree = "<group>"; };
		8352839D1C72FE79007B5CF3 /* DetailViewController.swift */ = {isa = PBXFileReference; fileEncoding = 4; lastKnownFileType = sourcecode.swift; path = DetailViewController.swift; sourceTree = "<group>"; };
		8352839F1C732902007B5CF3 /* ImageStore.swift */ = {isa = PBXFileReference; fileEncoding = 4; lastKnownFileType = sourcecode.swift; path = ImageStore.swift; sourceTree = "<group>"; };
/* End PBXFileReference section */

/* Begin PBXFrameworksBuildPhase section */
		8352837D1C71A2C3007B5CF3 /* Frameworks */ = {
			isa = PBXFrameworksBuildPhase;
			buildActionMask = 2147483647;
			files = (
			);
			runOnlyForDeploymentPostprocessing = 0;
		};
/* End PBXFrameworksBuildPhase section */

/* Begin PBXGroup section */
		835283771C71A2C3007B5CF3 = {
			isa = PBXGroup;
			children = (
				835283821C71A2C3007B5CF3 /* Homepwner */,
				835283811C71A2C3007B5CF3 /* Products */,
			);
			sourceTree = "<group>";
		};
		835283811C71A2C3007B5CF3 /* Products */ = {
			isa = PBXGroup;
			children = (
				835283801C71A2C3007B5CF3 /* Homepwner.app */,
			);
			name = Products;
			sourceTree = "<group>";
		};
		835283821C71A2C3007B5CF3 /* Homepwner */ = {
			isa = PBXGroup;
			children = (
				835283831C71A2C3007B5CF3 /* AppDelegate.swift */,
				835283871C71A2C3007B5CF3 /* Main.storyboard */,
				8352838A1C71A2C3007B5CF3 /* Assets.xcassets */,
				8352838C1C71A2C3007B5CF3 /* LaunchScreen.storyboard */,
				8352838F1C71A2C3007B5CF3 /* Info.plist */,
				835283951C71A47E007B5CF3 /* ItemsViewController.swift */,
				835283971C71A5A1007B5CF3 /* Item.swift */,
				835283991C71B811007B5CF3 /* ItemStore.swift */,
				8352839B1C71D389007B5CF3 /* ItemCell.swift */,
				8352839D1C72FE79007B5CF3 /* DetailViewController.swift */,
				8352839F1C732902007B5CF3 /* ImageStore.swift */,
			);
			path = Homepwner;
			sourceTree = "<group>";
		};
/* End PBXGroup section */

/* Begin PBXNativeTarget section */
		8352837F1C71A2C3007B5CF3 /* Homepwner */ = {
			isa = PBXNativeTarget;
			buildConfigurationList = 835283921C71A2C3007B5CF3 /* Build configuration list for PBXNativeTarget "Homepwner" */;
			buildPhases = (
				8352837C1C71A2C3007B5CF3 /* Sources */,
				8352837D1C71A2C3007B5CF3 /* Frameworks */,
				8352837E1C71A2C3007B5CF3 /* Resources */,
			);
			buildRules = (
			);
			dependencies = (
			);
			name = Homepwner;
			productName = Homepwner;
			productReference = 835283801C71A2C3007B5CF3 /* Homepwner.app */;
			productType = "com.apple.product-type.application";
		};
/* End PBXNativeTarget section */

/* Begin PBXProject section */
		835283781C71A2C3007B5CF3 /* Project object */ = {
			isa = PBXProject;
			attributes = {
				LastSwiftUpdateCheck = 0720;
				LastUpgradeCheck = 0720;
				ORGANIZATIONNAME = cm;
				TargetAttributes = {
					8352837F1C71A2C3007B5CF3 = {
						CreatedOnToolsVersion = 7.2.1;
					};
				};
			};
			buildConfigurationList = 8352837B1C71A2C3007B5CF3 /* Build configuration list for PBXProject "Homepwner" */;
			compatibilityVersion = "Xcode 3.2";
			developmentRegion = English;
			hasScannedForEncodings = 0;
			knownRegions = (
				en,
				Base,
			);
			mainGroup = 835283771C71A2C3007B5CF3;
			productRefGroup = 835283811C71A2C3007B5CF3 /* Products */;
			projectDirPath = "";
			projectRoot = "";
			targets = (
				8352837F1C71A2C3007B5CF3 /* Homepwner */,
			);
		};
/* End PBXProject section */

/* Begin PBXResourcesBuildPhase section */
		8352837E1C71A2C3007B5CF3 /* Resources */ = {
			isa = PBXResourcesBuildPhase;
			buildActionMask = 2147483647;
			files = (
				8352838E1C71A2C3007B5CF3 /* LaunchScreen.storyboard in Resources */,
				8352838B1C71A2C3007B5CF3 /* Assets.xcassets in Resources */,
				835283891C71A2C3007B5CF3 /* Main.storyboard in Resources */,
			);
			runOnlyForDeploymentPostprocessing = 0;
		};
/* End PBXResourcesBuildPhase section */

/* Begin PBXSourcesBuildPhase section */
		8352837C1C71A2C3007B5CF3 /* Sources */ = {
			isa = PBXSourcesBuildPhase;
			buildActionMask = 2147483647;
			files = (
				835283961C71A47E007B5CF3 /* ItemsViewController.swift in Sources */,
				835283981C71A5A1007B5CF3 /* Item.swift in Sources */,
				8352839A1C71B811007B5CF3 /* ItemStore.swift in Sources */,
				8352839E1C72FE79007B5CF3 /* DetailViewController.swift in Sources */,
				835283841C71A2C3007B5CF3 /* AppDelegate.swift in Sources */,
				835283A01C732902007B5CF3 /* ImageStore.swift in Sources */,
				8352839C1C71D389007B5CF3 /* ItemCell.swift in Sources */,
			);
			runOnlyForDeploymentPostprocessing = 0;
		};
/* End PBXSourcesBuildPhase section */

/* Begin PBXVariantGroup section */
		835283871C71A2C3007B5CF3 /* Main.storyboard */ = {
			isa = PBXVariantGroup;
			children = (
				835283881C71A2C3007B5CF3 /* Base */,
			);
			name = Main.storyboard;
			sourceTree = "<group>";
		};
		8352838C1C71A2C3007B5CF3 /* LaunchScreen.storyboard */ = {
			isa = PBXVariantGroup;
			children = (
				8352838D1C71A2C3007B5CF3 /* Base */,
			);
			name = LaunchScreen.storyboard;
			sourceTree = "<group>";
		};
/* End PBXVariantGroup section */

/* Begin XCBuildConfiguration section */
		835283901C71A2C3007B5CF3 /* Debug */ = {
			isa = XCBuildConfiguration;
			buildSettings = {
				ALWAYS_SEARCH_USER_PATHS = NO;
				CLANG_CXX_LANGUAGE_STANDARD = "gnu++0x";
				CLANG_CXX_LIBRARY = "libc++";
				CLANG_ENABLE_MODULES = YES;
				CLANG_ENABLE_OBJC_ARC = YES;
				CLANG_WARN_BOOL_CONVERSION = YES;
				CLANG_WARN_CONSTANT_CONVERSION = YES;
				CLANG_WARN_DIRECT_OBJC_ISA_USAGE = YES_ERROR;
				CLANG_WARN_EMPTY_BODY = YES;
				CLANG_WARN_ENUM_CONVERSION = YES;
				CLANG_WARN_INT_CONVERSION = YES;
				CLANG_WARN_OBJC_ROOT_CLASS = YES_ERROR;
				CLANG_WARN_UNREACHABLE_CODE = YES;
				CLANG_WARN__DUPLICATE_METHOD_MATCH = YES;
				"CODE_SIGN_IDENTITY[sdk=iphoneos*]" = "iPhone Developer";
				COPY_PHASE_STRIP = NO;
				DEBUG_INFORMATION_FORMAT = dwarf;
				ENABLE_STRICT_OBJC_MSGSEND = YES;
				ENABLE_TESTABILITY = YES;
				GCC_C_LANGUAGE_STANDARD = gnu99;
				GCC_DYNAMIC_NO_PIC = NO;
				GCC_NO_COMMON_BLOCKS = YES;
				GCC_OPTIMIZATION_LEVEL = 0;
				GCC_PREPROCESSOR_DEFINITIONS = (
					"DEBUG=1",
					"$(inherited)",
				);
				GCC_WARN_64_TO_32_BIT_CONVERSION = YES;
				GCC_WARN_ABOUT_RETURN_TYPE = YES_ERROR;
				GCC_WARN_UNDECLARED_SELECTOR = YES;
				GCC_WARN_UNINITIALIZED_AUTOS = YES_AGGRESSIVE;
				GCC_WARN_UNUSED_FUNCTION = YES;
				GCC_WARN_UNUSED_VARIABLE = YES;
				IPHONEOS_DEPLOYMENT_TARGET = 9.2;
				MTL_ENABLE_DEBUG_INFO = YES;
				ONLY_ACTIVE_ARCH = YES;
				SDKROOT = iphoneos;
				SWIFT_OPTIMIZATION_LEVEL = "-Onone";
			};
			name = Debug;
		};
		835283911C71A2C3007B5CF3 /* Release */ = {
			isa = XCBuildConfiguration;
			buildSettings = {
				ALWAYS_SEARCH_USER_PATHS = NO;
				CLANG_CXX_LANGUAGE_STANDARD = "gnu++0x";
				CLANG_CXX_LIBRARY = "libc++";
				CLANG_ENABLE_MODULES = YES;
				CLANG_ENABLE_OBJC_ARC = YES;
				CLANG_WARN_BOOL_CONVERSION = YES;
				CLANG_WARN_CONSTANT_CONVERSION = YES;
				CLANG_WARN_DIRECT_OBJC_ISA_USAGE = YES_ERROR;
				CLANG_WARN_EMPTY_BODY = YES;
				CLANG_WARN_ENUM_CONVERSION = YES;
				CLANG_WARN_INT_CONVERSION = YES;
				CLANG_WARN_OBJC_ROOT_CLASS = YES_ERROR;
				CLANG_WARN_UNREACHABLE_CODE = YES;
				CLANG_WARN__DUPLICATE_METHOD_MATCH = YES;
				"CODE_SIGN_IDENTITY[sdk=iphoneos*]" = "iPhone Developer";
				COPY_PHASE_STRIP = NO;
				DEBUG_INFORMATION_FORMAT = "dwarf-with-dsym";
				ENABLE_NS_ASSERTIONS = NO;
				ENABLE_STRICT_OBJC_MSGSEND = YES;
				GCC_C_LANGUAGE_STANDARD = gnu99;
				GCC_NO_COMMON_BLOCKS = YES;
				GCC_WARN_64_TO_32_BIT_CONVERSION = YES;
				GCC_WARN_ABOUT_RETURN_TYPE = YES_ERROR;
				GCC_WARN_UNDECLARED_SELECTOR = YES;
				GCC_WARN_UNINITIALIZED_AUTOS = YES_AGGRESSIVE;
				GCC_WARN_UNUSED_FUNCTION = YES;
				GCC_WARN_UNUSED_VARIABLE = YES;
				IPHONEOS_DEPLOYMENT_TARGET = 9.2;
				MTL_ENABLE_DEBUG_INFO = NO;
				SDKROOT = iphoneos;
				VALIDATE_PRODUCT = YES;
			};
			name = Release;
		};
		835283931C71A2C3007B5CF3 /* Debug */ = {
			isa = XCBuildConfiguration;
			buildSettings = {
				ASSETCATALOG_COMPILER_APPICON_NAME = AppIcon;
				INFOPLIST_FILE = Homepwner/Info.plist;
				LD_RUNPATH_SEARCH_PATHS = "$(inherited) @executable_path/Frameworks";
				PRODUCT_BUNDLE_IDENTIFIER = com.antutu.recycling.Homepwner;
				PRODUCT_NAME = "$(TARGET_NAME)";
			};
			name = Debug;
		};
		835283941C71A2C3007B5CF3 /* Release */ = {
			isa = XCBuildConfiguration;
			buildSettings = {
				ASSETCATALOG_COMPILER_APPICON_NAME = AppIcon;
				INFOPLIST_FILE = Homepwner/Info.plist;
				LD_RUNPATH_SEARCH_PATHS = "$(inherited) @executable_path/Frameworks";
				PRODUCT_BUNDLE_IDENTIFIER = com.antutu.recycling.Homepwner;
				PRODUCT_NAME = "$(TARGET_NAME)";
			};
			name = Release;
		};
/* End XCBuildConfiguration section */

/* Begin XCConfigurationList section */
		8352837B1C71A2C3007B5CF3 /* Build configuration list for PBXProject "Homepwner" */ = {
			isa = XCConfigurationList;
			buildConfigurations = (
				835283901C71A2C3007B5CF3 /* Debug */,
				835283911C71A2C3007B5CF3 /* Release */,
			);
			defaultConfigurationIsVisible = 0;
			defaultConfigurationName = Release;
		};
		835283921C71A2C3007B5CF3 /* Build configuration list for PBXNativeTarget "Homepwner" */ = {
			isa = XCConfigurationList;
			buildConfigurations = (
				835283931C71A2C3007B5CF3 /* Debug */,
				835283941C71A2C3007B5CF3 /* Release */,
			);
			defaultConfigurationIsVisible = 0;
		};
/* End XCConfigurationList section */
	};
	rootObject = 835283781C71A2C3007B5CF3 /* Project object */;
}
